
Microsoft Visual Studio Solution File, Format Version 12.00
# Visual Studio Version 16
VisualStudioVersion = 16.0.29409.12
MinimumVisualStudioVersion = 10.0.40219.1
Project("{FAE04EC0-301F-11D3-BF4B-00C04F79EFBC}") = "Mercado", "Mercado\Mercado.csproj", "{C6925FF8-9741-4542-A0BA-561CBEDDA96C}"
EndProject
Global
	GlobalSection(SolutionConfigurationPlatforms) = preSolution
		Debug|Any CPU = Debug|Any CPU
		Release|Any CPU = Release|Any CPU
	EndGlobalSection
	GlobalSection(ProjectConfigurationPlatforms) = postSolution
		{C6925FF8-9741-4542-A0BA-561CBEDDA96C}.Debug|Any CPU.ActiveCfg = Debug|Any CPU
		{C6925FF8-9741-4542-A0BA-561CBEDDA96C}.Debug|Any CPU.Build.0 = Debug|Any CPU
		{C6925FF8-9741-4542-A0BA-561CBEDDA96C}.Release|Any CPU.ActiveCfg = Release|Any CPU
		{C6925FF8-9741-4542-A0BA-561CBEDDA96C}.Release|Any CPU.Build.0 = Release|Any CPU
	EndGlobalSection
	GlobalSection(SolutionProperties) = preSolution
		HideSolutionNode = FALSE
	EndGlobalSection
	GlobalSection(ExtensibilityGlobals) = postSolution
		SolutionGuid = {20155A83-EF56-4E85-8BFF-F4155B89B6FB}
	EndGlobalSection
EndGlobal
